// !$*UTF8*$!
{
	archiveVersion = 1;
	classes = {
	};
	objectVersion = 77;
	objects = {

/* Begin PBXBuildFile section */
		4DEB95AE2EE204610024D618 /* QuoteCard Extension.appex in Embed Foundation Extensions */ = {isa = PBXBuildFile; fileRef = 4DEB95AD2EE204610024D618 /* QuoteCard Extension.appex */; settings = {ATTRIBUTES = (RemoveHeadersOnCopy, ); }; };
		4DEB95D62EE206630024D618 /* ThemeRegistry.swift in Sources */ = {isa = PBXBuildFile; fileRef = 4DEB95D52EE206630024D618 /* ThemeRegistry.swift */; };
		4DEB95D72EE206630024D618 /* ContentView.swift in Sources */ = {isa = PBXBuildFile; fileRef = 4DEB95D02EE206630024D618 /* ContentView.swift */; };
		4DEB95D82EE206630024D618 /* QuoteCardApp.swift in Sources */ = {isa = PBXBuildFile; fileRef = 4DEB95D12EE206630024D618 /* QuoteCardApp.swift */; };
		4DEB95D92EE206630024D618 /* QuoteCardRenderer.swift in Sources */ = {isa = PBXBuildFile; fileRef = 4DEB95D22EE206630024D618 /* QuoteCardRenderer.swift */; };
		4DEB95DA2EE206630024D618 /* RenderTypes.swift in Sources */ = {isa = PBXBuildFile; fileRef = 4DEB95D32EE206630024D618 /* RenderTypes.swift */; };
		4DEB95DB2EE206630024D618 /* SettingsView.swift in Sources */ = {isa = PBXBuildFile; fileRef = 4DEB95D42EE206630024D618 /* SettingsView.swift */; };
		4DEB960A2EE219230024D618 /* RenderTypes.swift in Sources */ = {isa = PBXBuildFile; fileRef = 4DEB95D32EE206630024D618 /* RenderTypes.swift */; };
		4DEB960B2EE219280024D618 /* QuoteCardRenderer.swift in Sources */ = {isa = PBXBuildFile; fileRef = 4DEB95D22EE206630024D618 /* QuoteCardRenderer.swift */; };
		4DEB960C2EE219310024D618 /* ThemeRegistry.swift in Sources */ = {isa = PBXBuildFile; fileRef = 4DEB95D52EE206630024D618 /* ThemeRegistry.swift */; };
		4DEB96122EE21A340024D618 /* background in Resources */ = {isa = PBXBuildFile; fileRef = 4DEB960D2EE21A340024D618 /* background */; };
		4DEB96132EE21A340024D618 /* icons in Resources */ = {isa = PBXBuildFile; fileRef = 4DEB960E2EE21A340024D618 /* icons */; };
		4DEB96152EE21A340024D618 /* popup in Resources */ = {isa = PBXBuildFile; fileRef = 4DEB96102EE21A340024D618 /* popup */; };
		4DEB96162EE21A340024D618 /* content in Resources */ = {isa = PBXBuildFile; fileRef = 4DEB96112EE21A340024D618 /* content */; };
		4DEB961C2EE258C90024D618 /* themes.json in Resources */ = {isa = PBXBuildFile; fileRef = 4DEB961B2EE258AF0024D618 /* themes.json */; };
		4DEB961E2EE25FE50024D618 /* shared in Resources */ = {isa = PBXBuildFile; fileRef = 4DEB95F62EE20D470024D618 /* shared */; };
		4DEB96292EE36C410024D618 /* AppIcon.icon in Resources */ = {isa = PBXBuildFile; fileRef = 4DEB96282EE36C410024D618 /* AppIcon.icon */; };
		4DEB962A2EE36C410024D618 /* AppIcon.icon in Resources */ = {isa = PBXBuildFile; fileRef = 4DEB96282EE36C410024D618 /* AppIcon.icon */; };
		4DEB966C2EE72F220024D618 /* HTMLParser.swift in Sources */ = {isa = PBXBuildFile; fileRef = 4DEB966B2EE72F220024D618 /* HTMLParser.swift */; };
		4DEB966D2EE72F220024D618 /* ColorUtils.swift in Sources */ = {isa = PBXBuildFile; fileRef = 4DEB966A2EE72F220024D618 /* ColorUtils.swift */; };
		4DEB966E2EE72F890024D618 /* ColorUtils.swift in Sources */ = {isa = PBXBuildFile; fileRef = 4DEB966A2EE72F220024D618 /* ColorUtils.swift */; };
		4DEB966F2EE72F8F0024D618 /* HTMLParser.swift in Sources */ = {isa = PBXBuildFile; fileRef = 4DEB966B2EE72F220024D618 /* HTMLParser.swift */; };
		4DEB99372EEB67FE0024D618 /* blueprint.jpg in Resources */ = {isa = PBXBuildFile; fileRef = 4DEB990A2EEB67FE0024D618 /* blueprint.jpg */; };
		4DEB99382EEB67FE0024D618 /* chalkboard.jpg in Resources */ = {isa = PBXBuildFile; fileRef = 4DEB990B2EEB67FE0024D618 /* chalkboard.jpg */; };
		4DEB99392EEB67FE0024D618 /* concrete.jpg in Resources */ = {isa = PBXBuildFile; fileRef = 4DEB990C2EEB67FE0024D618 /* concrete.jpg */; };
		4DEB993A2EEB67FE0024D618 /* concrete_original.jpg in Resources */ = {isa = PBXBuildFile; fileRef = 4DEB990D2EEB67FE0024D618 /* concrete_original.jpg */; };
		4DEB993B2EEB67FE0024D618 /* download-helper.html in Resources */ = {isa = PBXBuildFile; fileRef = 4DEB990E2EEB67FE0024D618 /* download-helper.html */; };
		4DEB993C2EEB67FE0024D618 /* download-helper.js in Resources */ = {isa = PBXBuildFile; fileRef = 4DEB990F2EEB67FE0024D618 /* download-helper.js */; };
		4DEB993D2EEB67FE0024D618 /* forest.jpg in Resources */ = {isa = PBXBuildFile; fileRef = 4DEB99102EEB67FE0024D618 /* forest.jpg */; };
		4DEB993E2EEB67FE0024D618 /* forest_original.jpg in Resources */ = {isa = PBXBuildFile; fileRef = 4DEB99112EEB67FE0024D618 /* forest_original.jpg */; };
		4DEB99402EEB67FE0024D618 /* manifest.json in Resources */ = {isa = PBXBuildFile; fileRef = 4DEB99132EEB67FE0024D618 /* manifest.json */; };
		4DEB99412EEB67FE0024D618 /* marble.jpg in Resources */ = {isa = PBXBuildFile; fileRef = 4DEB99142EEB67FE0024D618 /* marble.jpg */; };
		4DEB99422EEB67FE0024D618 /* marble_original.jpg in Resources */ = {isa = PBXBuildFile; fileRef = 4DEB99152EEB67FE0024D618 /* marble_original.jpg */; };
		4DEB99432EEB67FE0024D618 /* neon.jpg in Resources */ = {isa = PBXBuildFile; fileRef = 4DEB99162EEB67FE0024D618 /* neon.jpg */; };
		4DEB99442EEB67FE0024D618 /* newsprint.jpg in Resources */ = {isa = PBXBuildFile; fileRef = 4DEB99172EEB67FE0024D618 /* newsprint.jpg */; };
		4DEB99452EEB67FE0024D618 /* pastel.jpg in Resources */ = {isa = PBXBuildFile; fileRef = 4DEB99182EEB67FE0024D618 /* pastel.jpg */; };
		4DEB99462EEB67FE0024D618 /* sand.jpg in Resources */ = {isa = PBXBuildFile; fileRef = 4DEB991A2EEB67FE0024D618 /* sand.jpg */; };
		4DEB99472EEB67FE0024D618 /* spectrum.jpg in Resources */ = {isa = PBXBuildFile; fileRef = 4DEB991B2EEB67FE0024D618 /* spectrum.jpg */; };
		4DEB99482EEB67FE0024D618 /* terminal.jpg in Resources */ = {isa = PBXBuildFile; fileRef = 4DEB991C2EEB67FE0024D618 /* terminal.jpg */; };
		4DEB99492EEB67FE0024D618 /* vapor.jpg in Resources */ = {isa = PBXBuildFile; fileRef = 4DEB991D2EEB67FE0024D618 /* vapor.jpg */; };
		4DEB994A2EEB67FE0024D618 /* SafariWebExtensionHandler.swift in Sources */ = {isa = PBXBuildFile; fileRef = 4DEB99192EEB67FE0024D618 /* SafariWebExtensionHandler.swift */; };
		4DEB99CC2EEB69DA0024D618 /* _locales in Resources */ = {isa = PBXBuildFile; fileRef = 4DEB99CB2EEB69D90024D618 /* _locales */; };
/* End PBXBuildFile section */

/* Begin PBXContainerItemProxy section */
		4DEB95AF2EE204610024D618 /* PBXContainerItemProxy */ = {
			isa = PBXContainerItemProxy;
			containerPortal = 4DEB958B2EE2045F0024D618 /* Project object */;
			proxyType = 1;
			remoteGlobalIDString = 4DEB95AC2EE204610024D618;
			remoteInfo = "QuoteCard Extension";
		};
/* End PBXContainerItemProxy section */

/* Begin PBXCopyFilesBuildPhase section */
		4DEB95CC2EE204610024D618 /* Embed Foundation Extensions */ = {
			isa = PBXCopyFilesBuildPhase;
			buildActionMask = 2147483647;
			dstPath = "";
			dstSubfolderSpec = 13;
			files = (
				4DEB95AE2EE204610024D618 /* QuoteCard Extension.appex in Embed Foundation Extensions */,
			);
			name = "Embed Foundation Extensions";
			runOnlyForDeploymentPostprocessing = 0;
		};
/* End PBXCopyFilesBuildPhase section */

/* Begin PBXFileReference section */
		4DEB95932EE2045F0024D618 /* QuoteCard.app */ = {isa = PBXFileReference; explicitFileType = wrapper.application; includeInIndex = 0; path = QuoteCard.app; sourceTree = BUILT_PRODUCTS_DIR; };
		4DEB95AD2EE204610024D618 /* QuoteCard Extension.appex */ = {isa = PBXFileReference; explicitFileType = "wrapper.app-extension"; includeInIndex = 0; path = "QuoteCard Extension.appex"; sourceTree = BUILT_PRODUCTS_DIR; };
		4DEB95D02EE206630024D618 /* ContentView.swift */ = {isa = PBXFileReference; lastKnownFileType = sourcecode.swift; path = ContentView.swift; sourceTree = "<group>"; };
		4DEB95D12EE206630024D618 /* QuoteCardApp.swift */ = {isa = PBXFileReference; lastKnownFileType = sourcecode.swift; path = QuoteCardApp.swift; sourceTree = "<group>"; };
		4DEB95D22EE206630024D618 /* QuoteCardRenderer.swift */ = {isa = PBXFileReference; lastKnownFileType = sourcecode.swift; path = QuoteCardRenderer.swift; sourceTree = "<group>"; };
		4DEB95D32EE206630024D618 /* RenderTypes.swift */ = {isa = PBXFileReference; lastKnownFileType = sourcecode.swift; path = RenderTypes.swift; sourceTree = "<group>"; };
		4DEB95D42EE206630024D618 /* SettingsView.swift */ = {isa = PBXFileReference; lastKnownFileType = sourcecode.swift; path = SettingsView.swift; sourceTree = "<group>"; };
		4DEB95D52EE206630024D618 /* ThemeRegistry.swift */ = {isa = PBXFileReference; lastKnownFileType = sourcecode.swift; path = ThemeRegistry.swift; sourceTree = "<group>"; };
		4DEB95F12EE20D460024D618 /* Resources */ = {isa = PBXFileReference; lastKnownFileType = folder; name = Resources; path = "QuoteCard Extension/Resources"; sourceTree = "<group>"; };
		4DEB95F22EE20D460024D618 /* Info.plist */ = {isa = PBXFileReference; lastKnownFileType = text.plist.xml; name = Info.plist; path = "QuoteCard Extension/Info.plist"; sourceTree = "<group>"; };
		4DEB95F32EE20D470024D618 /* SafariWebExtensionHandler.swift */ = {isa = PBXFileReference; lastKnownFileType = sourcecode.swift; name = SafariWebExtensionHandler.swift; path = "QuoteCard Extension/SafariWebExtensionHandler.swift"; sourceTree = "<group>"; };
		4DEB95F42EE20D470024D618 /* icons */ = {isa = PBXFileReference; lastKnownFileType = folder; name = icons; path = "QuoteCard Extension/icons"; sourceTree = "<group>"; };
		4DEB95F62EE20D470024D618 /* shared */ = {isa = PBXFileReference; lastKnownFileType = folder; name = shared; path = "QuoteCard Extension/shared"; sourceTree = "<group>"; };
		4DEB95F82EE20D470024D618 /* manifest.json */ = {isa = PBXFileReference; lastKnownFileType = text.json; name = manifest.json; path = "QuoteCard Extension/manifest.json"; sourceTree = "<group>"; };
		4DEB960D2EE21A340024D618 /* background */ = {isa = PBXFileReference; lastKnownFileType = folder; name = background; path = "QuoteCard Extension/background"; sourceTree = "<group>"; };
		4DEB960E2EE21A340024D618 /* icons */ = {isa = PBXFileReference; lastKnownFileType = folder; name = icons; path = "QuoteCard Extension/icons"; sourceTree = "<group>"; };
		4DEB96102EE21A340024D618 /* popup */ = {isa = PBXFileReference; lastKnownFileType = folder; name = popup; path = "QuoteCard Extension/popup"; sourceTree = "<group>"; };
		4DEB96112EE21A340024D618 /* content */ = {isa = PBXFileReference; lastKnownFileType = folder; name = content; path = "QuoteCard Extension/content"; sourceTree = "<group>"; };
		4DEB961B2EE258AF0024D618 /* themes.json */ = {isa = PBXFileReference; lastKnownFileType = text.json; name = themes.json; path = "QuoteCard Extension/shared/themes.json"; sourceTree = "<group>"; };
		4DEB96272EE36AAA0024D618 /* quotecard.icon */ = {isa = PBXFileReference; lastKnownFileType = folder.iconcomposer.icon; name = quotecard.icon; path = ../../../../Desktop/quotecard.icon; sourceTree = "<group>"; };
		4DEB96282EE36C410024D618 /* AppIcon.icon */ = {isa = PBXFileReference; lastKnownFileType = folder.iconcomposer.icon; path = AppIcon.icon; sourceTree = "<group>"; };
		4DEB966A2EE72F220024D618 /* ColorUtils.swift */ = {isa = PBXFileReference; lastKnownFileType = sourcecode.swift; path = ColorUtils.swift; sourceTree = "<group>"; };
		4DEB966B2EE72F220024D618 /* HTMLParser.swift */ = {isa = PBXFileReference; lastKnownFileType = sourcecode.swift; path = HTMLParser.swift; sourceTree = "<group>"; };
		4DEB990A2EEB67FE0024D618 /* blueprint.jpg */ = {isa = PBXFileReference; lastKnownFileType = image.jpeg; path = blueprint.jpg; sourceTree = "<group>"; };
		4DEB990B2EEB67FE0024D618 /* chalkboard.jpg */ = {isa = PBXFileReference; lastKnownFileType = image.jpeg; path = chalkboard.jpg; sourceTree = "<group>"; };
		4DEB990C2EEB67FE0024D618 /* concrete.jpg */ = {isa = PBXFileReference; lastKnownFileType = image.jpeg; path = concrete.jpg; sourceTree = "<group>"; };
		4DEB990D2EEB67FE0024D618 /* concrete_original.jpg */ = {isa = PBXFileReference; lastKnownFileType = image.jpeg; path = concrete_original.jpg; sourceTree = "<group>"; };
		4DEB990E2EEB67FE0024D618 /* download-helper.html */ = {isa = PBXFileReference; lastKnownFileType = text.html; path = "download-helper.html"; sourceTree = "<group>"; };
		4DEB990F2EEB67FE0024D618 /* download-helper.js */ = {isa = PBXFileReference; lastKnownFileType = sourcecode.javascript; path = "download-helper.js"; sourceTree = "<group>"; };
		4DEB99102EEB67FE0024D618 /* forest.jpg */ = {isa = PBXFileReference; lastKnownFileType = image.jpeg; path = forest.jpg; sourceTree = "<group>"; };
		4DEB99112EEB67FE0024D618 /* forest_original.jpg */ = {isa = PBXFileReference; lastKnownFileType = image.jpeg; path = forest_original.jpg; sourceTree = "<group>"; };
		4DEB99122EEB67FE0024D618 /* Info.plist */ = {isa = PBXFileReference; lastKnownFileType = text.plist.xml; path = Info.plist; sourceTree = "<group>"; };
		4DEB99132EEB67FE0024D618 /* manifest.json */ = {isa = PBXFileReference; lastKnownFileType = text.json; path = manifest.json; sourceTree = "<group>"; };
		4DEB99142EEB67FE0024D618 /* marble.jpg */ = {isa = PBXFileReference; lastKnownFileType = image.jpeg; path = marble.jpg; sourceTree = "<group>"; };
		4DEB99152EEB67FE0024D618 /* marble_original.jpg */ = {isa = PBXFileReference; lastKnownFileType = image.jpeg; path = marble_original.jpg; sourceTree = "<group>"; };
		4DEB99162EEB67FE0024D618 /* neon.jpg */ = {isa = PBXFileReference; lastKnownFileType = image.jpeg; path = neon.jpg; sourceTree = "<group>"; };
		4DEB99172EEB67FE0024D618 /* newsprint.jpg */ = {isa = PBXFileReference; lastKnownFileType = image.jpeg; path = newsprint.jpg; sourceTree = "<group>"; };
		4DEB99182EEB67FE0024D618 /* pastel.jpg */ = {isa = PBXFileReference; lastKnownFileType = image.jpeg; path = pastel.jpg; sourceTree = "<group>"; };
		4DEB99192EEB67FE0024D618 /* SafariWebExtensionHandler.swift */ = {isa = PBXFileReference; lastKnownFileType = sourcecode.swift; path = SafariWebExtensionHandler.swift; sourceTree = "<group>"; };
		4DEB991A2EEB67FE0024D618 /* sand.jpg */ = {isa = PBXFileReference; lastKnownFileType = image.jpeg; path = sand.jpg; sourceTree = "<group>"; };
		4DEB991B2EEB67FE0024D618 /* spectrum.jpg */ = {isa = PBXFileReference; lastKnownFileType = image.jpeg; path = spectrum.jpg; sourceTree = "<group>"; };
		4DEB991C2EEB67FE0024D618 /* terminal.jpg */ = {isa = PBXFileReference; lastKnownFileType = image.jpeg; path = terminal.jpg; sourceTree = "<group>"; };
		4DEB991D2EEB67FE0024D618 /* vapor.jpg */ = {isa = PBXFileReference; lastKnownFileType = image.jpeg; path = vapor.jpg; sourceTree = "<group>"; };
		4DEB99CB2EEB69D90024D618 /* _locales */ = {isa = PBXFileReference; lastKnownFileType = folder; path = _locales; sourceTree = "<group>"; };
/* End PBXFileReference section */

/* Begin PBXFileSystemSynchronizedBuildFileExceptionSet section */
		4DEB99862EEB68040024D618 /* Exceptions for "icons" folder in "QuoteCard Extension" target */ = {
			isa = PBXFileSystemSynchronizedBuildFileExceptionSet;
			membershipExceptions = (
				README.md,
			);
			target = 4DEB95AC2EE204610024D618 /* QuoteCard Extension */;
		};
		4DEB99872EEB68040024D618 /* Exceptions for "popup" folder in "QuoteCard Extension" target */ = {
			isa = PBXFileSystemSynchronizedBuildFileExceptionSet;
			membershipExceptions = (
				ui.js,
			);
			target = 4DEB95AC2EE204610024D618 /* QuoteCard Extension */;
		};
/* End PBXFileSystemSynchronizedBuildFileExceptionSet section */

/* Begin PBXFileSystemSynchronizedRootGroup section */
		4DEB95952EE2045F0024D618 /* QuoteCard */ = {
			isa = PBXFileSystemSynchronizedRootGroup;
			path = QuoteCard;
			sourceTree = "<group>";
		};
		4DEB99652EEB68040024D618 /* background */ = {
			isa = PBXFileSystemSynchronizedRootGroup;
			path = background;
			sourceTree = "<group>";
		};
		4DEB99692EEB68040024D618 /* shared */ = {
			isa = PBXFileSystemSynchronizedRootGroup;
			path = shared;
			sourceTree = "<group>";
		};
		4DEB996E2EEB68040024D618 /* content */ = {
			isa = PBXFileSystemSynchronizedRootGroup;
			path = content;
			sourceTree = "<group>";
		};
		4DEB99742EEB68040024D618 /* icons */ = {
			isa = PBXFileSystemSynchronizedRootGroup;
			exceptions = (
				4DEB99862EEB68040024D618 /* Exceptions for "icons" folder in "QuoteCard Extension" target */,
			);
			path = icons;
			sourceTree = "<group>";
		};
		4DEB997C2EEB68040024D618 /* download */ = {
			isa = PBXFileSystemSynchronizedRootGroup;
			path = download;
			sourceTree = "<group>";
		};
		4DEB99832EEB68040024D618 /* popup */ = {
			isa = PBXFileSystemSynchronizedRootGroup;
			exceptions = (
				4DEB99872EEB68040024D618 /* Exceptions for "popup" folder in "QuoteCard Extension" target */,
			);
			path = popup;
			sourceTree = "<group>";
		};
		4DEB99852EEB68040024D618 /* Resources */ = {
			isa = PBXFileSystemSynchronizedRootGroup;
			path = Resources;
			sourceTree = "<group>";
		};
/* End PBXFileSystemSynchronizedRootGroup section */

/* Begin PBXFrameworksBuildPhase section */
		4DEB95902EE2045F0024D618 /* Frameworks */ = {
			isa = PBXFrameworksBuildPhase;
			buildActionMask = 2147483647;
			files = (
			);
			runOnlyForDeploymentPostprocessing = 0;
		};
		4DEB95AA2EE204610024D618 /* Frameworks */ = {
			isa = PBXFrameworksBuildPhase;
			buildActionMask = 2147483647;
			files = (
			);
			runOnlyForDeploymentPostprocessing = 0;
		};
/* End PBXFrameworksBuildPhase section */

/* Begin PBXGroup section */
		4DEB958A2EE2045F0024D618 = {
			isa = PBXGroup;
			children = (
				4DEB99CB2EEB69D90024D618 /* _locales */,
				4DEB96282EE36C410024D618 /* AppIcon.icon */,
				4DEB961B2EE258AF0024D618 /* themes.json */,
				4DEB96112EE21A340024D618 /* content */,
				4DEB95F42EE20D470024D618 /* icons */,
				4DEB960D2EE21A340024D618 /* background */,
				4DEB960E2EE21A340024D618 /* icons */,
				4DEB96102EE21A340024D618 /* popup */,
				4DEB95F22EE20D460024D618 /* Info.plist */,
				4DEB95F82EE20D470024D618 /* manifest.json */,
				4DEB95F12EE20D460024D618 /* Resources */,
				4DEB95F32EE20D470024D618 /* SafariWebExtensionHandler.swift */,
				4DEB95F62EE20D470024D618 /* shared */,
				4DEB95D02EE206630024D618 /* ContentView.swift */,
				4DEB95D12EE206630024D618 /* QuoteCardApp.swift */,
				4DEB95D22EE206630024D618 /* QuoteCardRenderer.swift */,
				4DEB95D32EE206630024D618 /* RenderTypes.swift */,
				4DEB95D42EE206630024D618 /* SettingsView.swift */,
				4DEB95D52EE206630024D618 /* ThemeRegistry.swift */,
				4DEB966A2EE72F220024D618 /* ColorUtils.swift */,
				4DEB966B2EE72F220024D618 /* HTMLParser.swift */,
				4DEB95952EE2045F0024D618 /* QuoteCard */,
				4DEB991E2EEB67FE0024D618 /* QuoteCard Extension */,
				4DEB96262EE36AAA0024D618 /* Frameworks */,
				4DEB95942EE2045F0024D618 /* Products */,
			);
			sourceTree = "<group>";
		};
		4DEB95942EE2045F0024D618 /* Products */ = {
			isa = PBXGroup;
			children = (
				4DEB95932EE2045F0024D618 /* QuoteCard.app */,
				4DEB95AD2EE204610024D618 /* QuoteCard Extension.appex */,
			);
			name = Products;
			sourceTree = "<group>";
		};
		4DEB96262EE36AAA0024D618 /* Frameworks */ = {
			isa = PBXGroup;
			children = (
				4DEB96272EE36AAA0024D618 /* quotecard.icon */,
			);
			name = Frameworks;
			sourceTree = "<group>";
		};
		4DEB991E2EEB67FE0024D618 /* QuoteCard Extension */ = {
			isa = PBXGroup;
			children = (
				4DEB99652EEB68040024D618 /* background */,
				4DEB996E2EEB68040024D618 /* content */,
				4DEB997C2EEB68040024D618 /* download */,
				4DEB99742EEB68040024D618 /* icons */,
				4DEB99832EEB68040024D618 /* popup */,
				4DEB99852EEB68040024D618 /* Resources */,
				4DEB99692EEB68040024D618 /* shared */,
				4DEB990A2EEB67FE0024D618 /* blueprint.jpg */,
				4DEB990B2EEB67FE0024D618 /* chalkboard.jpg */,
				4DEB990C2EEB67FE0024D618 /* concrete.jpg */,
				4DEB990D2EEB67FE0024D618 /* concrete_original.jpg */,
				4DEB990E2EEB67FE0024D618 /* download-helper.html */,
				4DEB990F2EEB67FE0024D618 /* download-helper.js */,
				4DEB99102EEB67FE0024D618 /* forest.jpg */,
				4DEB99112EEB67FE0024D618 /* forest_original.jpg */,
				4DEB99122EEB67FE0024D618 /* Info.plist */,
				4DEB99132EEB67FE0024D618 /* manifest.json */,
				4DEB99142EEB67FE0024D618 /* marble.jpg */,
				4DEB99152EEB67FE0024D618 /* marble_original.jpg */,
				4DEB99162EEB67FE0024D618 /* neon.jpg */,
				4DEB99172EEB67FE0024D618 /* newsprint.jpg */,
				4DEB99182EEB67FE0024D618 /* pastel.jpg */,
				4DEB99192EEB67FE0024D618 /* SafariWebExtensionHandler.swift */,
				4DEB991A2EEB67FE0024D618 /* sand.jpg */,
				4DEB991B2EEB67FE0024D618 /* spectrum.jpg */,
				4DEB991C2EEB67FE0024D618 /* terminal.jpg */,
				4DEB991D2EEB67FE0024D618 /* vapor.jpg */,
			);
			path = "QuoteCard Extension";
			sourceTree = "<group>";
		};
/* End PBXGroup section */

/* Begin PBXNativeTarget section */
		4DEB95922EE2045F0024D618 /* QuoteCard */ = {
			isa = PBXNativeTarget;
			buildConfigurationList = 4DEB95CD2EE204610024D618 /* Build configuration list for PBXNativeTarget "QuoteCard" */;
			buildPhases = (
				4DEB958F2EE2045F0024D618 /* Sources */,
				4DEB95902EE2045F0024D618 /* Frameworks */,
				4DEB95912EE2045F0024D618 /* Resources */,
				4DEB95CC2EE204610024D618 /* Embed Foundation Extensions */,
			);
			buildRules = (
			);
			dependencies = (
				4DEB95B02EE204610024D618 /* PBXTargetDependency */,
			);
			fileSystemSynchronizedGroups = (
				4DEB95952EE2045F0024D618 /* QuoteCard */,
			);
			name = QuoteCard;
			packageProductDependencies = (
			);
			productName = QuoteCard;
			productReference = 4DEB95932EE2045F0024D618 /* QuoteCard.app */;
			productType = "com.apple.product-type.application";
		};
		4DEB95AC2EE204610024D618 /* QuoteCard Extension */ = {
			isa = PBXNativeTarget;
			buildConfigurationList = 4DEB95C72EE204610024D618 /* Build configuration list for PBXNativeTarget "QuoteCard Extension" */;
			buildPhases = (
				4DEB95A92EE204610024D618 /* Sources */,
				4DEB95AA2EE204610024D618 /* Frameworks */,
				4DEB95AB2EE204610024D618 /* Resources */,
			);
			buildRules = (
			);
			dependencies = (
			);
			fileSystemSynchronizedGroups = (
				4DEB99692EEB68040024D618 /* shared */,
				4DEB99742EEB68040024D618 /* icons */,
				4DEB997C2EEB68040024D618 /* download */,
			);
			name = "QuoteCard Extension";
			packageProductDependencies = (
			);
			productName = "QuoteCard Extension";
			productReference = 4DEB95AD2EE204610024D618 /* QuoteCard Extension.appex */;
			productType = "com.apple.product-type.app-extension";
		};
/* End PBXNativeTarget section */

/* Begin PBXProject section */
		4DEB958B2EE2045F0024D618 /* Project object */ = {
			isa = PBXProject;
			attributes = {
				BuildIndependentTargetsInParallel = 1;
				LastSwiftUpdateCheck = 2610;
				LastUpgradeCheck = 2610;
				TargetAttributes = {
					4DEB95922EE2045F0024D618 = {
						CreatedOnToolsVersion = 26.1.1;
					};
					4DEB95AC2EE204610024D618 = {
						CreatedOnToolsVersion = 26.1.1;
					};
				};
			};
			buildConfigurationList = 4DEB958E2EE2045F0024D618 /* Build configuration list for PBXProject "QuoteCard" */;
			developmentRegion = en;
			hasScannedForEncodings = 0;
			knownRegions = (
				en,
				Base,
				de,
				fr,
				es,
				it,
				ja,
				"zh-Hans",
				"pt-BR",
			);
			mainGroup = 4DEB958A2EE2045F0024D618;
			minimizedProjectReferenceProxies = 1;
			preferredProjectObjectVersion = 77;
			productRefGroup = 4DEB95942EE2045F0024D618 /* Products */;
			projectDirPath = "";
			projectRoot = "";
			targets = (
				4DEB95922EE2045F0024D618 /* QuoteCard */,
				4DEB95AC2EE204610024D618 /* QuoteCard Extension */,
			);
		};
/* End PBXProject section */

/* Begin PBXResourcesBuildPhase section */
		4DEB95912EE2045F0024D618 /* Resources */ = {
			isa = PBXResourcesBuildPhase;
			buildActionMask = 2147483647;
			files = (
				4DEB961C2EE258C90024D618 /* themes.json in Resources */,
				4DEB962A2EE36C410024D618 /* AppIcon.icon in Resources */,
			);
			runOnlyForDeploymentPostprocessing = 0;
		};
		4DEB95AB2EE204610024D618 /* Resources */ = {
			isa = PBXResourcesBuildPhase;
			buildActionMask = 2147483647;
			files = (
				4DEB99CC2EEB69DA0024D618 /* _locales in Resources */,
				4DEB961E2EE25FE50024D618 /* shared in Resources */,
				4DEB96122EE21A340024D618 /* background in Resources */,
				4DEB96132EE21A340024D618 /* icons in Resources */,
				4DEB96152EE21A340024D618 /* popup in Resources */,
				4DEB96162EE21A340024D618 /* content in Resources */,
				4DEB96292EE36C410024D618 /* AppIcon.icon in Resources */,
				4DEB99372EEB67FE0024D618 /* blueprint.jpg in Resources */,
				4DEB99382EEB67FE0024D618 /* chalkboard.jpg in Resources */,
				4DEB99392EEB67FE0024D618 /* concrete.jpg in Resources */,
				4DEB993A2EEB67FE0024D618 /* concrete_original.jpg in Resources */,
				4DEB993B2EEB67FE0024D618 /* download-helper.html in Resources */,
				4DEB993C2EEB67FE0024D618 /* download-helper.js in Resources */,
				4DEB993D2EEB67FE0024D618 /* forest.jpg in Resources */,
				4DEB993E2EEB67FE0024D618 /* forest_original.jpg in Resources */,
				4DEB99402EEB67FE0024D618 /* manifest.json in Resources */,
				4DEB99412EEB67FE0024D618 /* marble.jpg in Resources */,
				4DEB99422EEB67FE0024D618 /* marble_original.jpg in Resources */,
				4DEB99432EEB67FE0024D618 /* neon.jpg in Resources */,
				4DEB99442EEB67FE0024D618 /* newsprint.jpg in Resources */,
				4DEB99452EEB67FE0024D618 /* pastel.jpg in Resources */,
				4DEB99462EEB67FE0024D618 /* sand.jpg in Resources */,
				4DEB99472EEB67FE0024D618 /* spectrum.jpg in Resources */,
				4DEB99482EEB67FE0024D618 /* terminal.jpg in Resources */,
				4DEB99492EEB67FE0024D618 /* vapor.jpg in Resources */,
			);
			runOnlyForDeploymentPostprocessing = 0;
		};
/* End PBXResourcesBuildPhase section */

/* Begin PBXSourcesBuildPhase section */
		4DEB958F2EE2045F0024D618 /* Sources */ = {
			isa = PBXSourcesBuildPhase;
			buildActionMask = 2147483647;
			files = (
				4DEB966C2EE72F220024D618 /* HTMLParser.swift in Sources */,
				4DEB966D2EE72F220024D618 /* ColorUtils.swift in Sources */,
				4DEB95D62EE206630024D618 /* ThemeRegistry.swift in Sources */,
				4DEB95D72EE206630024D618 /* ContentView.swift in Sources */,
				4DEB95D82EE206630024D618 /* QuoteCardApp.swift in Sources */,
				4DEB95D92EE206630024D618 /* QuoteCardRenderer.swift in Sources */,
				4DEB95DA2EE206630024D618 /* RenderTypes.swift in Sources */,
				4DEB95DB2EE206630024D618 /* SettingsView.swift in Sources */,
			);
			runOnlyForDeploymentPostprocessing = 0;
		};
		4DEB95A92EE204610024D618 /* Sources */ = {
			isa = PBXSourcesBuildPhase;
			buildActionMask = 2147483647;
			files = (
				4DEB966E2EE72F890024D618 /* ColorUtils.swift in Sources */,
				4DEB960B2EE219280024D618 /* QuoteCardRenderer.swift in Sources */,
				4DEB966F2EE72F8F0024D618 /* HTMLParser.swift in Sources */,
				4DEB960C2EE219310024D618 /* ThemeRegistry.swift in Sources */,
				4DEB960A2EE219230024D618 /* RenderTypes.swift in Sources */,
				4DEB994A2EEB67FE0024D618 /* SafariWebExtensionHandler.swift in Sources */,
			);
			runOnlyForDeploymentPostprocessing = 0;
		};
/* End PBXSourcesBuildPhase section */

/* Begin PBXTargetDependency section */
		4DEB95B02EE204610024D618 /* PBXTargetDependency */ = {
			isa = PBXTargetDependency;
			target = 4DEB95AC2EE204610024D618 /* QuoteCard Extension */;
			targetProxy = 4DEB95AF2EE204610024D618 /* PBXContainerItemProxy */;
		};
/* End PBXTargetDependency section */

/* Begin XCBuildConfiguration section */
		4DEB95C82EE204610024D618 /* Debug */ = {
			isa = XCBuildConfiguration;
			buildSettings = {
				AUTOMATION_APPLE_EVENTS = NO;
				CODE_SIGN_STYLE = Automatic;
				CURRENT_PROJECT_VERSION = 1;
				DEVELOPMENT_TEAM = L84SR3DQS4;
				ENABLE_APP_SANDBOX = YES;
				ENABLE_HARDENED_RUNTIME = YES;
				ENABLE_RESOURCE_ACCESS_AUDIO_INPUT = NO;
				ENABLE_RESOURCE_ACCESS_CALENDARS = NO;
				ENABLE_RESOURCE_ACCESS_CAMERA = NO;
				ENABLE_RESOURCE_ACCESS_CONTACTS = NO;
				ENABLE_RESOURCE_ACCESS_LOCATION = NO;
				ENABLE_RESOURCE_ACCESS_PHOTO_LIBRARY = NO;
				ENABLE_USER_SELECTED_FILES = readonly;
				GENERATE_INFOPLIST_FILE = YES;
				INFOPLIST_FILE = "QuoteCard Extension/Info.plist";
				INFOPLIST_KEY_CFBundleDisplayName = QuoteCard;
				INFOPLIST_KEY_NSHumanReadableCopyright = "";
				LD_RUNPATH_SEARCH_PATHS = (
					"$(inherited)",
					"@executable_path/../Frameworks",
					"@executable_path/../../../../Frameworks",
				);
				MACOSX_DEPLOYMENT_TARGET = 13.5;
				MARKETING_VERSION = 1.0;
				OTHER_LDFLAGS = (
					"-framework",
					SafariServices,
				);
				PRODUCT_BUNDLE_IDENTIFIER = com.markallen.QuoteCard.Extension;
				PRODUCT_NAME = "$(TARGET_NAME)";
				RUNTIME_EXCEPTION_ALLOW_DYLD_ENVIRONMENT_VARIABLES = NO;
				RUNTIME_EXCEPTION_ALLOW_JIT = NO;
				RUNTIME_EXCEPTION_ALLOW_UNSIGNED_EXECUTABLE_MEMORY = NO;
				RUNTIME_EXCEPTION_DEBUGGING_TOOL = NO;
				RUNTIME_EXCEPTION_DISABLE_EXECUTABLE_PAGE_PROTECTION = NO;
				RUNTIME_EXCEPTION_DISABLE_LIBRARY_VALIDATION = YES;
				SKIP_INSTALL = YES;
				STRING_CATALOG_GENERATE_SYMBOLS = YES;
				SWIFT_APPROACHABLE_CONCURRENCY = YES;
				SWIFT_EMIT_LOC_STRINGS = YES;
				SWIFT_UPCOMING_FEATURE_MEMBER_IMPORT_VISIBILITY = YES;
				SWIFT_VERSION = 5.0;
			};
			name = Debug;
		};
		4DEB95C92EE204610024D618 /* Release */ = {
			isa = XCBuildConfiguration;
			buildSettings = {
				AUTOMATION_APPLE_EVENTS = NO;
				CODE_SIGN_STYLE = Automatic;
				CURRENT_PROJECT_VERSION = 1;
				DEVELOPMENT_TEAM = L84SR3DQS4;
				ENABLE_APP_SANDBOX = YES;
				ENABLE_HARDENED_RUNTIME = YES;
				ENABLE_RESOURCE_ACCESS_AUDIO_INPUT = NO;
				ENABLE_RESOURCE_ACCESS_CALENDARS = NO;
				ENABLE_RESOURCE_ACCESS_CAMERA = NO;
				ENABLE_RESOURCE_ACCESS_CONTACTS = NO;
				ENABLE_RESOURCE_ACCESS_LOCATION = NO;
				ENABLE_RESOURCE_ACCESS_PHOTO_LIBRARY = NO;
				ENABLE_USER_SELECTED_FILES = readonly;
				GENERATE_INFOPLIST_FILE = YES;
				INFOPLIST_FILE = "QuoteCard Extension/Info.plist";
				INFOPLIST_KEY_CFBundleDisplayName = QuoteCard;
				INFOPLIST_KEY_NSHumanReadableCopyright = "";
				LD_RUNPATH_SEARCH_PATHS = (
					"$(inherited)",
					"@executable_path/../Frameworks",
					"@executable_path/../../../../Frameworks",
				);
				MACOSX_DEPLOYMENT_TARGET = 13.5;
				MARKETING_VERSION = 1.0;
				OTHER_LDFLAGS = (
					"-framework",
					SafariServices,
				);
				PRODUCT_BUNDLE_IDENTIFIER = com.markallen.QuoteCard.Extension;
				PRODUCT_NAME = "$(TARGET_NAME)";
				RUNTIME_EXCEPTION_ALLOW_DYLD_ENVIRONMENT_VARIABLES = NO;
				RUNTIME_EXCEPTION_ALLOW_JIT = NO;
				RUNTIME_EXCEPTION_ALLOW_UNSIGNED_EXECUTABLE_MEMORY = NO;
				RUNTIME_EXCEPTION_DEBUGGING_TOOL = NO;
				RUNTIME_EXCEPTION_DISABLE_EXECUTABLE_PAGE_PROTECTION = NO;
				RUNTIME_EXCEPTION_DISABLE_LIBRARY_VALIDATION = YES;
				SKIP_INSTALL = YES;
				STRING_CATALOG_GENERATE_SYMBOLS = YES;
				SWIFT_APPROACHABLE_CONCURRENCY = YES;
				SWIFT_EMIT_LOC_STRINGS = YES;
				SWIFT_UPCOMING_FEATURE_MEMBER_IMPORT_VISIBILITY = YES;
				SWIFT_VERSION = 5.0;
			};
			name = Release;
		};
		4DEB95CA2EE204610024D618 /* Debug */ = {
			isa = XCBuildConfiguration;
			buildSettings = {
				ALWAYS_SEARCH_USER_PATHS = NO;
				ASSETCATALOG_COMPILER_GENERATE_SWIFT_ASSET_SYMBOL_EXTENSIONS = YES;
				CLANG_ANALYZER_NONNULL = YES;
				CLANG_ANALYZER_NUMBER_OBJECT_CONVERSION = YES_AGGRESSIVE;
				CLANG_CXX_LANGUAGE_STANDARD = "gnu++20";
				CLANG_ENABLE_MODULES = YES;
				CLANG_ENABLE_OBJC_ARC = YES;
				CLANG_ENABLE_OBJC_WEAK = YES;
				CLANG_WARN_BLOCK_CAPTURE_AUTORELEASING = YES;
				CLANG_WARN_BOOL_CONVERSION = YES;
				CLANG_WARN_COMMA = YES;
				CLANG_WARN_CONSTANT_CONVERSION = YES;
				CLANG_WARN_DEPRECATED_OBJC_IMPLEMENTATIONS = YES;
				CLANG_WARN_DIRECT_OBJC_ISA_USAGE = YES_ERROR;
				CLANG_WARN_DOCUMENTATION_COMMENTS = YES;
				CLANG_WARN_EMPTY_BODY = YES;
				CLANG_WARN_ENUM_CONVERSION = YES;
				CLANG_WARN_INFINITE_RECURSION = YES;
				CLANG_WARN_INT_CONVERSION = YES;
				CLANG_WARN_NON_LITERAL_NULL_CONVERSION = YES;
				CLANG_WARN_OBJC_IMPLICIT_RETAIN_SELF = YES;
				CLANG_WARN_OBJC_LITERAL_CONVERSION = YES;
				CLANG_WARN_OBJC_ROOT_CLASS = YES_ERROR;
				CLANG_WARN_QUOTED_INCLUDE_IN_FRAMEWORK_HEADER = YES;
				CLANG_WARN_RANGE_LOOP_ANALYSIS = YES;
				CLANG_WARN_STRICT_PROTOTYPES = YES;
				CLANG_WARN_SUSPICIOUS_MOVE = YES;
				CLANG_WARN_UNGUARDED_AVAILABILITY = YES_AGGRESSIVE;
				CLANG_WARN_UNREACHABLE_CODE = YES;
				CLANG_WARN__DUPLICATE_METHOD_MATCH = YES;
				COPY_PHASE_STRIP = NO;
				DEBUG_INFORMATION_FORMAT = dwarf;
				DEVELOPMENT_TEAM = L84SR3DQS4;
				ENABLE_STRICT_OBJC_MSGSEND = YES;
				ENABLE_TESTABILITY = YES;
				ENABLE_USER_SCRIPT_SANDBOXING = YES;
				GCC_C_LANGUAGE_STANDARD = gnu17;
				GCC_DYNAMIC_NO_PIC = NO;
				GCC_NO_COMMON_BLOCKS = YES;
				GCC_OPTIMIZATION_LEVEL = 0;
				GCC_PREPROCESSOR_DEFINITIONS = (
					"DEBUG=1",
					"$(inherited)",
				);
				GCC_WARN_64_TO_32_BIT_CONVERSION = YES;
				GCC_WARN_ABOUT_RETURN_TYPE = YES_ERROR;
				GCC_WARN_UNDECLARED_SELECTOR = YES;
				GCC_WARN_UNINITIALIZED_AUTOS = YES_AGGRESSIVE;
				GCC_WARN_UNUSED_FUNCTION = YES;
				GCC_WARN_UNUSED_VARIABLE = YES;
				LOCALIZATION_PREFERS_STRING_CATALOGS = YES;
				MACOSX_DEPLOYMENT_TARGET = 26.1;
				MTL_ENABLE_DEBUG_INFO = INCLUDE_SOURCE;
				MTL_FAST_MATH = YES;
				ONLY_ACTIVE_ARCH = YES;
				SDKROOT = macosx;
				SWIFT_ACTIVE_COMPILATION_CONDITIONS = "DEBUG $(inherited)";
				SWIFT_OPTIMIZATION_LEVEL = "-Onone";
			};
			name = Debug;
		};
		4DEB95CB2EE204610024D618 /* Release */ = {
			isa = XCBuildConfiguration;
			buildSettings = {
				ALWAYS_SEARCH_USER_PATHS = NO;
				ASSETCATALOG_COMPILER_GENERATE_SWIFT_ASSET_SYMBOL_EXTENSIONS = YES;
				CLANG_ANALYZER_NONNULL = YES;
				CLANG_ANALYZER_NUMBER_OBJECT_CONVERSION = YES_AGGRESSIVE;
				CLANG_CXX_LANGUAGE_STANDARD = "gnu++20";
				CLANG_ENABLE_MODULES = YES;
				CLANG_ENABLE_OBJC_ARC = YES;
				CLANG_ENABLE_OBJC_WEAK = YES;
				CLANG_WARN_BLOCK_CAPTURE_AUTORELEASING = YES;
				CLANG_WARN_BOOL_CONVERSION = YES;
				CLANG_WARN_COMMA = YES;
				CLANG_WARN_CONSTANT_CONVERSION = YES;
				CLANG_WARN_DEPRECATED_OBJC_IMPLEMENTATIONS = YES;
				CLANG_WARN_DIRECT_OBJC_ISA_USAGE = YES_ERROR;
				CLANG_WARN_DOCUMENTATION_COMMENTS = YES;
				CLANG_WARN_EMPTY_BODY = YES;
				CLANG_WARN_ENUM_CONVERSION = YES;
				CLANG_WARN_INFINITE_RECURSION = YES;
				CLANG_WARN_INT_CONVERSION = YES;
				CLANG_WARN_NON_LITERAL_NULL_CONVERSION = YES;
				CLANG_WARN_OBJC_IMPLICIT_RETAIN_SELF = YES;
				CLANG_WARN_OBJC_LITERAL_CONVERSION = YES;
				CLANG_WARN_OBJC_ROOT_CLASS = YES_ERROR;
				CLANG_WARN_QUOTED_INCLUDE_IN_FRAMEWORK_HEADER = YES;
				CLANG_WARN_RANGE_LOOP_ANALYSIS = YES;
				CLANG_WARN_STRICT_PROTOTYPES = YES;
				CLANG_WARN_SUSPICIOUS_MOVE = YES;
				CLANG_WARN_UNGUARDED_AVAILABILITY = YES_AGGRESSIVE;
				CLANG_WARN_UNREACHABLE_CODE = YES;
				CLANG_WARN__DUPLICATE_METHOD_MATCH = YES;
				COPY_PHASE_STRIP = NO;
				DEBUG_INFORMATION_FORMAT = "dwarf-with-dsym";
				DEVELOPMENT_TEAM = L84SR3DQS4;
				ENABLE_NS_ASSERTIONS = NO;
				ENABLE_STRICT_OBJC_MSGSEND = YES;
				ENABLE_USER_SCRIPT_SANDBOXING = YES;
				GCC_C_LANGUAGE_STANDARD = gnu17;
				GCC_NO_COMMON_BLOCKS = YES;
				GCC_WARN_64_TO_32_BIT_CONVERSION = YES;
				GCC_WARN_ABOUT_RETURN_TYPE = YES_ERROR;
				GCC_WARN_UNDECLARED_SELECTOR = YES;
				GCC_WARN_UNINITIALIZED_AUTOS = YES_AGGRESSIVE;
				GCC_WARN_UNUSED_FUNCTION = YES;
				GCC_WARN_UNUSED_VARIABLE = YES;
				LOCALIZATION_PREFERS_STRING_CATALOGS = YES;
				MACOSX_DEPLOYMENT_TARGET = 26.1;
				MTL_ENABLE_DEBUG_INFO = NO;
				MTL_FAST_MATH = YES;
				SDKROOT = macosx;
				SWIFT_COMPILATION_MODE = wholemodule;
			};
			name = Release;
		};
		4DEB95CE2EE204610024D618 /* Debug */ = {
			isa = XCBuildConfiguration;
			buildSettings = {
				ASSETCATALOG_COMPILER_APPICON_NAME = AppIcon;
				ASSETCATALOG_COMPILER_GLOBAL_ACCENT_COLOR_NAME = AccentColor;
				ASSETCATALOG_COMPILER_INCLUDE_ALL_APPICON_ASSETS = NO;
				AUTOMATION_APPLE_EVENTS = NO;
				CODE_SIGN_STYLE = Automatic;
				COMBINE_HIDPI_IMAGES = YES;
				CURRENT_PROJECT_VERSION = 1;
				DEVELOPMENT_TEAM = L84SR3DQS4;
				ENABLE_APP_SANDBOX = YES;
				ENABLE_HARDENED_RUNTIME = YES;
				ENABLE_OUTGOING_NETWORK_CONNECTIONS = YES;
				ENABLE_RESOURCE_ACCESS_AUDIO_INPUT = NO;
				ENABLE_RESOURCE_ACCESS_CALENDARS = NO;
				ENABLE_RESOURCE_ACCESS_CAMERA = NO;
				ENABLE_RESOURCE_ACCESS_CONTACTS = NO;
				ENABLE_RESOURCE_ACCESS_LOCATION = NO;
				ENABLE_RESOURCE_ACCESS_PHOTO_LIBRARY = NO;
				ENABLE_USER_SELECTED_FILES = readonly;
				GENERATE_INFOPLIST_FILE = YES;
				INFOPLIST_KEY_CFBundleDisplayName = QuoteCard;
				INFOPLIST_KEY_LSApplicationCategoryType = "public.app-category.utilities";
				INFOPLIST_KEY_NSHumanReadableCopyright = "";
				INFOPLIST_KEY_NSMainStoryboardFile = Main;
				INFOPLIST_KEY_NSPrincipalClass = NSApplication;
				LD_RUNPATH_SEARCH_PATHS = (
					"$(inherited)",
					"@executable_path/../Frameworks",
				);
				MACOSX_DEPLOYMENT_TARGET = 13.5;
				MARKETING_VERSION = 1.0;
				OTHER_LDFLAGS = (
					"-framework",
					SafariServices,
					"-framework",
					WebKit,
				);
				PRODUCT_BUNDLE_IDENTIFIER = com.markallen.QuoteCard;
				PRODUCT_NAME = "$(TARGET_NAME)";
				REGISTER_APP_GROUPS = YES;
				RUNTIME_EXCEPTION_ALLOW_DYLD_ENVIRONMENT_VARIABLES = NO;
				RUNTIME_EXCEPTION_ALLOW_JIT = NO;
				RUNTIME_EXCEPTION_ALLOW_UNSIGNED_EXECUTABLE_MEMORY = NO;
				RUNTIME_EXCEPTION_DEBUGGING_TOOL = NO;
				RUNTIME_EXCEPTION_DISABLE_EXECUTABLE_PAGE_PROTECTION = NO;
				RUNTIME_EXCEPTION_DISABLE_LIBRARY_VALIDATION = YES;
				STRING_CATALOG_GENERATE_SYMBOLS = YES;
				SWIFT_APPROACHABLE_CONCURRENCY = YES;
				SWIFT_DEFAULT_ACTOR_ISOLATION = MainActor;
				SWIFT_EMIT_LOC_STRINGS = YES;
				SWIFT_UPCOMING_FEATURE_MEMBER_IMPORT_VISIBILITY = YES;
				SWIFT_VERSION = 5.0;
			};
			name = Debug;
		};
		4DEB95CF2EE204610024D618 /* Release */ = {
			isa = XCBuildConfiguration;
			buildSettings = {
				ASSETCATALOG_COMPILER_APPICON_NAME = AppIcon;
				ASSETCATALOG_COMPILER_GLOBAL_ACCENT_COLOR_NAME = AccentColor;
				ASSETCATALOG_COMPILER_INCLUDE_ALL_APPICON_ASSETS = NO;
				AUTOMATION_APPLE_EVENTS = NO;
				CODE_SIGN_STYLE = Automatic;
				COMBINE_HIDPI_IMAGES = YES;
				CURRENT_PROJECT_VERSION = 1;
				DEVELOPMENT_TEAM = L84SR3DQS4;
				ENABLE_APP_SANDBOX = YES;
				ENABLE_HARDENED_RUNTIME = YES;
				ENABLE_OUTGOING_NETWORK_CONNECTIONS = YES;
				ENABLE_RESOURCE_ACCESS_AUDIO_INPUT = NO;
				ENABLE_RESOURCE_ACCESS_CALENDARS = NO;
				ENABLE_RESOURCE_ACCESS_CAMERA = NO;
				ENABLE_RESOURCE_ACCESS_CONTACTS = NO;
				ENABLE_RESOURCE_ACCESS_LOCATION = NO;
				ENABLE_RESOURCE_ACCESS_PHOTO_LIBRARY = NO;
				ENABLE_USER_SELECTED_FILES = readonly;
				GENERATE_INFOPLIST_FILE = YES;
				INFOPLIST_KEY_CFBundleDisplayName = QuoteCard;
				INFOPLIST_KEY_LSApplicationCategoryType = "public.app-category.utilities";
				INFOPLIST_KEY_NSHumanReadableCopyright = "";
				INFOPLIST_KEY_NSMainStoryboardFile = Main;
				INFOPLIST_KEY_NSPrincipalClass = NSApplication;
				LD_RUNPATH_SEARCH_PATHS = (
					"$(inherited)",
					"@executable_path/../Frameworks",
				);
				MACOSX_DEPLOYMENT_TARGET = 13.5;
				MARKETING_VERSION = 1.0;
				OTHER_LDFLAGS = (
					"-framework",
					SafariServices,
					"-framework",
					WebKit,
				);
				PRODUCT_BUNDLE_IDENTIFIER = com.markallen.QuoteCard;
				PRODUCT_NAME = "$(TARGET_NAME)";
				REGISTER_APP_GROUPS = YES;
				RUNTIME_EXCEPTION_ALLOW_DYLD_ENVIRONMENT_VARIABLES = NO;
				RUNTIME_EXCEPTION_ALLOW_JIT = NO;
				RUNTIME_EXCEPTION_ALLOW_UNSIGNED_EXECUTABLE_MEMORY = NO;
				RUNTIME_EXCEPTION_DEBUGGING_TOOL = NO;
				RUNTIME_EXCEPTION_DISABLE_EXECUTABLE_PAGE_PROTECTION = NO;
				RUNTIME_EXCEPTION_DISABLE_LIBRARY_VALIDATION = YES;
				STRING_CATALOG_GENERATE_SYMBOLS = YES;
				SWIFT_APPROACHABLE_CONCURRENCY = YES;
				SWIFT_DEFAULT_ACTOR_ISOLATION = MainActor;
				SWIFT_EMIT_LOC_STRINGS = YES;
				SWIFT_UPCOMING_FEATURE_MEMBER_IMPORT_VISIBILITY = YES;
				SWIFT_VERSION = 5.0;
			};
			name = Release;
		};
/* End XCBuildConfiguration section */

/* Begin XCConfigurationList section */
		4DEB958E2EE2045F0024D618 /* Build configuration list for PBXProject "QuoteCard" */ = {
			isa = XCConfigurationList;
			buildConfigurations = (
				4DEB95CA2EE204610024D618 /* Debug */,
				4DEB95CB2EE204610024D618 /* Release */,
			);
			defaultConfigurationIsVisible = 0;
			defaultConfigurationName = Release;
		};
		4DEB95C72EE204610024D618 /* Build configuration list for PBXNativeTarget "QuoteCard Extension" */ = {
			isa = XCConfigurationList;
			buildConfigurations = (
				4DEB95C82EE204610024D618 /* Debug */,
				4DEB95C92EE204610024D618 /* Release */,
			);
			defaultConfigurationIsVisible = 0;
			defaultConfigurationName = Release;
		};
		4DEB95CD2EE204610024D618 /* Build configuration list for PBXNativeTarget "QuoteCard" */ = {
			isa = XCConfigurationList;
			buildConfigurations = (
				4DEB95CE2EE204610024D618 /* Debug */,
				4DEB95CF2EE204610024D618 /* Release */,
			);
			defaultConfigurationIsVisible = 0;
			defaultConfigurationName = Release;
		};
/* End XCConfigurationList section */
	};
	rootObject = 4DEB958B2EE2045F0024D618 /* Project object */;
}
